
Microsoft Visual Studio Solution File, Format Version 12.00
# Visual Studio Version 16
VisualStudioVersion = 16.0.31424.327
MinimumVisualStudioVersion = 10.0.40219.1
Project("{9A19103F-16F7-4668-BE54-9A1E7A4F7556}") = "Authorization", "Authorization\Authorization.csproj", "{DD2AFDAC-6A60-46FE-96F1-3AAFB793C634}"
EndProject
Project("{FAE04EC0-301F-11D3-BF4B-00C04F79EFBC}") = "AuthorizationTest", "AuthorizationTest\AuthorizationTest.csproj", "{C823AA16-DCD3-49D0-811B-34E5BD3B41C6}"
EndProject
Global
	GlobalSection(SolutionConfigurationPlatforms) = preSolution
		Debug|Any CPU = Debug|Any CPU
		Release|Any CPU = Release|Any CPU
	EndGlobalSection
	GlobalSection(ProjectConfigurationPlatforms) = postSolution
		{DD2AFDAC-6A60-46FE-96F1-3AAFB793C634}.Debug|Any CPU.ActiveCfg = Debug|Any CPU
		{DD2AFDAC-6A60-46FE-96F1-3AAFB793C634}.Debug|Any CPU.Build.0 = Debug|Any CPU
		{DD2AFDAC-6A60-46FE-96F1-3AAFB793C634}.Release|Any CPU.ActiveCfg = Release|Any CPU
		{DD2AFDAC-6A60-46FE-96F1-3AAFB793C634}.Release|Any CPU.Build.0 = Release|Any CPU
		{C823AA16-DCD3-49D0-811B-34E5BD3B41C6}.Debug|Any CPU.ActiveCfg = Debug|Any CPU
		{C823AA16-DCD3-49D0-811B-34E5BD3B41C6}.Debug|Any CPU.Build.0 = Debug|Any CPU
		{C823AA16-DCD3-49D0-811B-34E5BD3B41C6}.Release|Any CPU.ActiveCfg = Release|Any CPU
		{C823AA16-DCD3-49D0-811B-34E5BD3B41C6}.Release|Any CPU.Build.0 = Release|Any CPU
	EndGlobalSection
	GlobalSection(SolutionProperties) = preSolution
		HideSolutionNode = FALSE
	EndGlobalSection
	GlobalSection(ExtensibilityGlobals) = postSolution
		SolutionGuid = {615AE45E-1634-45B5-9B13-E4A5D54E0A5A}
	EndGlobalSection
EndGlobal
